
Microsoft Visual Studio Solution File, Format Version 12.00
# Visual Studio Version 17
VisualStudioVersion = 17.11.35327.3
MinimumVisualStudioVersion = 10.0.40219.1
Project("{9A19103F-16F7-4668-BE54-9A1E7A4F7556}") = "bookhouseAPP", "bookhouseAPP\bookhouseAPP.csproj", "{86068210-5265-4B30-843F-3611CD0A6E34}"
EndProject
Global
	GlobalSection(SolutionConfigurationPlatforms) = preSolution
		Debug|Any CPU = Debug|Any CPU
		Release|Any CPU = Release|Any CPU
	EndGlobalSection
	GlobalSection(ProjectConfigurationPlatforms) = postSolution
		{86068210-5265-4B30-843F-3611CD0A6E34}.Debug|Any CPU.ActiveCfg = Debug|Any CPU
		{86068210-5265-4B30-843F-3611CD0A6E34}.Debug|Any CPU.Build.0 = Debug|Any CPU
		{86068210-5265-4B30-843F-3611CD0A6E34}.Release|Any CPU.ActiveCfg = Release|Any CPU
		{86068210-5265-4B30-843F-3611CD0A6E34}.Release|Any CPU.Build.0 = Release|Any CPU
	EndGlobalSection
	GlobalSection(SolutionProperties) = preSolution
		HideSolutionNode = FALSE
	EndGlobalSection
	GlobalSection(ExtensibilityGlobals) = postSolution
		SolutionGuid = {70C31A90-0E48-415A-AE4B-2C901CF05019}
	EndGlobalSection
EndGlobal
